// !$*UTF8*$!
{
	archiveVersion = 1;
	classes = {
	};
	objectVersion = 46;
	objects = {

/* Begin PBXBuildFile section */
		01F39659D57996B4873F11D3 /* Pods_Zmanim.framework in Frameworks */ = {isa = PBXBuildFile; fileRef = 83B2977DC707CB35779507F0 /* Pods_Zmanim.framework */; };
		5B2BAF001C30A9BF00669AB9 /* Annex.jpg in Resources */ = {isa = PBXBuildFile; fileRef = 5B2BAEF81C30A9BF00669AB9 /* Annex.jpg */; };
		5B2BAF041C30A9BF00669AB9 /* Rubin Shul.jpg in Resources */ = {isa = PBXBuildFile; fileRef = 5B2BAEFC1C30A9BF00669AB9 /* Rubin Shul.jpg */; };
		5B2BAF061C30A9BF00669AB9 /* Sky Caf.jpg in Resources */ = {isa = PBXBuildFile; fileRef = 5B2BAEFE1C30A9BF00669AB9 /* Sky Caf.jpg */; };
		5B3A86A61D24254500860C8D /* LocationsViewController.swift in Sources */ = {isa = PBXBuildFile; fileRef = 5B3A86A51D24254500860C8D /* LocationsViewController.swift */; };
		5B3B6EFB1E2C607D0042F61B /* Date.swift in Sources */ = {isa = PBXBuildFile; fileRef = 5B3B6EFA1E2C607D0042F61B /* Date.swift */; };
		5B3C0EB81BFCDC56005FB04C /* AppDelegate.swift in Sources */ = {isa = PBXBuildFile; fileRef = 5B3C0EB71BFCDC56005FB04C /* AppDelegate.swift */; };
		5B3C0EBD1BFCDC56005FB04C /* Main.storyboard in Resources */ = {isa = PBXBuildFile; fileRef = 5B3C0EBB1BFCDC56005FB04C /* Main.storyboard */; };
		5B3C0EBF1BFCDC56005FB04C /* Assets.xcassets in Resources */ = {isa = PBXBuildFile; fileRef = 5B3C0EBE1BFCDC56005FB04C /* Assets.xcassets */; };
		5B3C0EC21BFCDC56005FB04C /* LaunchScreen.storyboard in Resources */ = {isa = PBXBuildFile; fileRef = 5B3C0EC01BFCDC56005FB04C /* LaunchScreen.storyboard */; };
		5B3C0ECD1BFCE51E005FB04C /* ZmanimViewController.swift in Sources */ = {isa = PBXBuildFile; fileRef = 5B3C0ECC1BFCE51E005FB04C /* ZmanimViewController.swift */; };
		5B419F581D19DD3E0018F1C7 /* ZmanimViewModel.swift in Sources */ = {isa = PBXBuildFile; fileRef = 5B419F571D19DD3E0018F1C7 /* ZmanimViewModel.swift */; };
		5B4455BE1D257FA800B19A6E /* MapKit.framework in Frameworks */ = {isa = PBXBuildFile; fileRef = 5B4455BD1D257FA800B19A6E /* MapKit.framework */; };
		5B4455C51D257FB100B19A6E /* CoreLocation.framework in Frameworks */ = {isa = PBXBuildFile; fileRef = 5B4455C41D257FB100B19A6E /* CoreLocation.framework */; };
		5B47564E1C9B393B00927935 /* LocalZmanimViewController.swift in Sources */ = {isa = PBXBuildFile; fileRef = 5B47564D1C9B393B00927935 /* LocalZmanimViewController.swift */; };
		5B4AF58C1CB1EDE0001F0CB6 /* AboutViewController.swift in Sources */ = {isa = PBXBuildFile; fileRef = 5B4AF58B1CB1EDE0001F0CB6 /* AboutViewController.swift */; };
		5B5889401D21B9070060022C /* LocalZmanimViewModel.swift in Sources */ = {isa = PBXBuildFile; fileRef = 5B58893F1D21B9070060022C /* LocalZmanimViewModel.swift */; };
		5B5E52421D301F5D002C1D2A /* DescriptionCell.swift in Sources */ = {isa = PBXBuildFile; fileRef = 5B5E52411D301F5D002C1D2A /* DescriptionCell.swift */; };
		5B61452D1C029FF1007530F7 /* YU.jpg in Resources */ = {isa = PBXBuildFile; fileRef = 5B61452C1C029FF1007530F7 /* YU.jpg */; };
		5B61452F1C02A07A007530F7 /* LocationViewController.swift in Sources */ = {isa = PBXBuildFile; fileRef = 5B61452E1C02A07A007530F7 /* LocationViewController.swift */; };
		5B6305A12028BF620017094C /* Zman.swift in Sources */ = {isa = PBXBuildFile; fileRef = 5B6305A02028BF620017094C /* Zman.swift */; };
		5B6305A32028BF9C0017094C /* Location.swift in Sources */ = {isa = PBXBuildFile; fileRef = 5B6305A22028BF9C0017094C /* Location.swift */; };
		5B6305A72028BFC20017094C /* Shabbos.swift in Sources */ = {isa = PBXBuildFile; fileRef = 5B6305A62028BFC20017094C /* Shabbos.swift */; };
		5B6305B02028C0170017094C /* LocalZman.swift in Sources */ = {isa = PBXBuildFile; fileRef = 5B6305A92028C0160017094C /* LocalZman.swift */; };
		5B6305B12028C0170017094C /* ZmanimAPIClient.swift in Sources */ = {isa = PBXBuildFile; fileRef = 5B6305AA2028C0160017094C /* ZmanimAPIClient.swift */; };
		5B6305B22028C0170017094C /* Tefillah.swift in Sources */ = {isa = PBXBuildFile; fileRef = 5B6305AB2028C0160017094C /* Tefillah.swift */; };
		5B6305B32028C0170017094C /* LocationImages.swift in Sources */ = {isa = PBXBuildFile; fileRef = 5B6305AC2028C0160017094C /* LocationImages.swift */; };
		5B6305B42028C0170017094C /* ZmanimDataStore.swift in Sources */ = {isa = PBXBuildFile; fileRef = 5B6305AD2028C0160017094C /* ZmanimDataStore.swift */; };
		5B6305D8202D23810017094C /* LocationViewModel.swift in Sources */ = {isa = PBXBuildFile; fileRef = 5B6305D7202D23810017094C /* LocationViewModel.swift */; };
		5B6305E7203007050017094C /* UserDataStore.swift in Sources */ = {isa = PBXBuildFile; fileRef = 5B6305E6203007050017094C /* UserDataStore.swift */; };
		5B86C40D1D454E0200E4CDA6 /* Morg Beis.jpg in Resources */ = {isa = PBXBuildFile; fileRef = 5B86C40C1D454E0200E4CDA6 /* Morg Beis.jpg */; };
		5B95EA091C2AE8D000647230 /* HomeViewController.swift in Sources */ = {isa = PBXBuildFile; fileRef = 5B95EA081C2AE8D000647230 /* HomeViewController.swift */; };
		5B9A177D1D2EB5B300588091 /* HomeViewModel.swift in Sources */ = {isa = PBXBuildFile; fileRef = 5B9A177C1D2EB5B300588091 /* HomeViewModel.swift */; };
		5B9BAC921D32BC1600E445CA /* AnimatedController.swift in Sources */ = {isa = PBXBuildFile; fileRef = 5B9BAC911D32BC1600E445CA /* AnimatedController.swift */; };
		5BBAFC341D35993100A70878 /* ZmanCell.swift in Sources */ = {isa = PBXBuildFile; fileRef = 5BBAFC331D35993100A70878 /* ZmanCell.swift */; };
		5BCC11DC1D6A0474005B6379 /* SectionHeaderView.swift in Sources */ = {isa = PBXBuildFile; fileRef = 5BCC11DB1D6A0474005B6379 /* SectionHeaderView.swift */; };
		5BCC11E41D6CF5B8005B6379 /* Fischel Beis.jpg in Resources */ = {isa = PBXBuildFile; fileRef = 5BCC11E31D6CF5B8005B6379 /* Fischel Beis.jpg */; };
		5BCC11E61D6CF5C4005B6379 /* Glueck Beis.jpg in Resources */ = {isa = PBXBuildFile; fileRef = 5BCC11E51D6CF5C4005B6379 /* Glueck Beis.jpg */; };
		5BCC11E81D6CF5EB005B6379 /* Sefardi Beit Midrash.jpg in Resources */ = {isa = PBXBuildFile; fileRef = 5BCC11E71D6CF5EB005B6379 /* Sefardi Beit Midrash.jpg */; };
		5BCC11EA1D6CF600005B6379 /* Zysman 101.jpg in Resources */ = {isa = PBXBuildFile; fileRef = 5BCC11E91D6CF600005B6379 /* Zysman 101.jpg */; };
		5BCC11EC1D6CF636005B6379 /* Glueck 303.jpg in Resources */ = {isa = PBXBuildFile; fileRef = 5BCC11EB1D6CF636005B6379 /* Glueck 303.jpg */; };
		5BCC11EE1D6CF644005B6379 /* Glueck 2 Lobby.jpg in Resources */ = {isa = PBXBuildFile; fileRef = 5BCC11ED1D6CF644005B6379 /* Glueck 2 Lobby.jpg */; };
		5BCC11F01D6CF667005B6379 /* Morg Lounge.jpg in Resources */ = {isa = PBXBuildFile; fileRef = 5BCC11EF1D6CF667005B6379 /* Morg Lounge.jpg */; };
		5BCC11F21D6D0152005B6379 /* Muss Beis.jpg in Resources */ = {isa = PBXBuildFile; fileRef = 5BCC11F11D6D0152005B6379 /* Muss Beis.jpg */; };
		5BFCC6501D5CC6AC00ACC3E3 /* URL.swift in Sources */ = {isa = PBXBuildFile; fileRef = 5BFCC64F1D5CC6AC00ACC3E3 /* URL.swift */; };
		5BFCE957203128C900A943FD /* CalendarCollectionView.swift in Sources */ = {isa = PBXBuildFile; fileRef = 5BFCE956203128C900A943FD /* CalendarCollectionView.swift */; };
		5BFCE95920312A1600A943FD /* CalendarCell.swift in Sources */ = {isa = PBXBuildFile; fileRef = 5BFCE95820312A1600A943FD /* CalendarCell.swift */; };
/* End PBXBuildFile section */

/* Begin PBXCopyFilesBuildPhase section */
		5B050D4F1CAB6F560062A60E /* Embed App Extensions */ = {
			isa = PBXCopyFilesBuildPhase;
			buildActionMask = 2147483647;
			dstPath = "";
			dstSubfolderSpec = 13;
			files = (
			);
			name = "Embed App Extensions";
			runOnlyForDeploymentPostprocessing = 0;
		};
		5BC272C71C347021002B0654 /* Embed Watch Content */ = {
			isa = PBXCopyFilesBuildPhase;
			buildActionMask = 2147483647;
			dstPath = "$(CONTENTS_FOLDER_PATH)/Watch";
			dstSubfolderSpec = 16;
			files = (
			);
			name = "Embed Watch Content";
			runOnlyForDeploymentPostprocessing = 0;
		};
/* End PBXCopyFilesBuildPhase section */

/* Begin PBXFileReference section */
		45FC4889FEA4AD296E3F3DF0 /* Pods-Zmanim.release.xcconfig */ = {isa = PBXFileReference; includeInIndex = 1; lastKnownFileType = text.xcconfig; name = "Pods-Zmanim.release.xcconfig"; path = "Pods/Target Support Files/Pods-Zmanim/Pods-Zmanim.release.xcconfig"; sourceTree = "<group>"; };
		5B2BAEF81C30A9BF00669AB9 /* Annex.jpg */ = {isa = PBXFileReference; lastKnownFileType = image.jpeg; path = Annex.jpg; sourceTree = "<group>"; };
		5B2BAEFC1C30A9BF00669AB9 /* Rubin Shul.jpg */ = {isa = PBXFileReference; lastKnownFileType = image.jpeg; path = "Rubin Shul.jpg"; sourceTree = "<group>"; };
		5B2BAEFE1C30A9BF00669AB9 /* Sky Caf.jpg */ = {isa = PBXFileReference; lastKnownFileType = image.jpeg; path = "Sky Caf.jpg"; sourceTree = "<group>"; };
		5B3A86A51D24254500860C8D /* LocationsViewController.swift */ = {isa = PBXFileReference; fileEncoding = 4; lastKnownFileType = sourcecode.swift; name = LocationsViewController.swift; path = "View Controllers/LocationsViewController.swift"; sourceTree = "<group>"; };
		5B3B6EFA1E2C607D0042F61B /* Date.swift */ = {isa = PBXFileReference; fileEncoding = 4; lastKnownFileType = sourcecode.swift; name = Date.swift; path = Extensions/Date.swift; sourceTree = "<group>"; };
		5B3C0EB41BFCDC56005FB04C /* Zmanim.app */ = {isa = PBXFileReference; explicitFileType = wrapper.application; includeInIndex = 0; path = Zmanim.app; sourceTree = BUILT_PRODUCTS_DIR; };
		5B3C0EB71BFCDC56005FB04C /* AppDelegate.swift */ = {isa = PBXFileReference; lastKnownFileType = sourcecode.swift; name = AppDelegate.swift; path = Zmanim/AppDelegate.swift; sourceTree = "<group>"; };
		5B3C0EBC1BFCDC56005FB04C /* Base */ = {isa = PBXFileReference; lastKnownFileType = file.storyboard; name = Base; path = Base.lproj/Main.storyboard; sourceTree = "<group>"; };
		5B3C0EBE1BFCDC56005FB04C /* Assets.xcassets */ = {isa = PBXFileReference; lastKnownFileType = folder.assetcatalog; path = Assets.xcassets; sourceTree = "<group>"; };
		5B3C0EC11BFCDC56005FB04C /* Base */ = {isa = PBXFileReference; lastKnownFileType = file.storyboard; name = Base; path = Base.lproj/LaunchScreen.storyboard; sourceTree = "<group>"; };
		5B3C0EC31BFCDC56005FB04C /* Info.plist */ = {isa = PBXFileReference; lastKnownFileType = text.plist.xml; path = Info.plist; sourceTree = "<group>"; };
		5B3C0ECC1BFCE51E005FB04C /* ZmanimViewController.swift */ = {isa = PBXFileReference; fileEncoding = 4; lastKnownFileType = sourcecode.swift; name = ZmanimViewController.swift; path = "View Controllers/ZmanimViewController.swift"; sourceTree = "<group>"; };
		5B419F571D19DD3E0018F1C7 /* ZmanimViewModel.swift */ = {isa = PBXFileReference; fileEncoding = 4; lastKnownFileType = sourcecode.swift; name = ZmanimViewModel.swift; path = "View Models/ZmanimViewModel.swift"; sourceTree = "<group>"; };
		5B4455BD1D257FA800B19A6E /* MapKit.framework */ = {isa = PBXFileReference; lastKnownFileType = wrapper.framework; name = MapKit.framework; path = System/Library/Frameworks/MapKit.framework; sourceTree = SDKROOT; };
		5B4455C41D257FB100B19A6E /* CoreLocation.framework */ = {isa = PBXFileReference; lastKnownFileType = wrapper.framework; name = CoreLocation.framework; path = System/Library/Frameworks/CoreLocation.framework; sourceTree = SDKROOT; };
		5B47564D1C9B393B00927935 /* LocalZmanimViewController.swift */ = {isa = PBXFileReference; fileEncoding = 4; lastKnownFileType = sourcecode.swift; name = LocalZmanimViewController.swift; path = "View Controllers/LocalZmanimViewController.swift"; sourceTree = "<group>"; };
		5B4AF58B1CB1EDE0001F0CB6 /* AboutViewController.swift */ = {isa = PBXFileReference; fileEncoding = 4; lastKnownFileType = sourcecode.swift; name = AboutViewController.swift; path = "View Controllers/AboutViewController.swift"; sourceTree = "<group>"; };
		5B58893F1D21B9070060022C /* LocalZmanimViewModel.swift */ = {isa = PBXFileReference; fileEncoding = 4; lastKnownFileType = sourcecode.swift; name = LocalZmanimViewModel.swift; path = "View Models/LocalZmanimViewModel.swift"; sourceTree = "<group>"; };
		5B5E52411D301F5D002C1D2A /* DescriptionCell.swift */ = {isa = PBXFileReference; fileEncoding = 4; lastKnownFileType = sourcecode.swift; name = DescriptionCell.swift; path = Cells/DescriptionCell.swift; sourceTree = "<group>"; };
		5B61452C1C029FF1007530F7 /* YU.jpg */ = {isa = PBXFileReference; lastKnownFileType = image.jpeg; path = YU.jpg; sourceTree = "<group>"; };
		5B61452E1C02A07A007530F7 /* LocationViewController.swift */ = {isa = PBXFileReference; fileEncoding = 4; lastKnownFileType = sourcecode.swift; name = LocationViewController.swift; path = "View Controllers/LocationViewController.swift"; sourceTree = "<group>"; };
		5B6305A02028BF620017094C /* Zman.swift */ = {isa = PBXFileReference; lastKnownFileType = sourcecode.swift; name = Zman.swift; path = Zmanim/Zman.swift; sourceTree = "<group>"; };
		5B6305A22028BF9C0017094C /* Location.swift */ = {isa = PBXFileReference; lastKnownFileType = sourcecode.swift; name = Location.swift; path = Zmanim/Location.swift; sourceTree = "<group>"; };
		5B6305A62028BFC20017094C /* Shabbos.swift */ = {isa = PBXFileReference; lastKnownFileType = sourcecode.swift; name = Shabbos.swift; path = Zmanim/Shabbos.swift; sourceTree = "<group>"; };
		5B6305A92028C0160017094C /* LocalZman.swift */ = {isa = PBXFileReference; fileEncoding = 4; lastKnownFileType = sourcecode.swift; name = LocalZman.swift; path = Zmanim/LocalZman.swift; sourceTree = "<group>"; };
		5B6305AA2028C0160017094C /* ZmanimAPIClient.swift */ = {isa = PBXFileReference; fileEncoding = 4; lastKnownFileType = sourcecode.swift; name = ZmanimAPIClient.swift; path = Zmanim/ZmanimAPIClient.swift; sourceTree = "<group>"; };
		5B6305AB2028C0160017094C /* Tefillah.swift */ = {isa = PBXFileReference; fileEncoding = 4; lastKnownFileType = sourcecode.swift; name = Tefillah.swift; path = Zmanim/Tefillah.swift; sourceTree = "<group>"; };
		5B6305AC2028C0160017094C /* LocationImages.swift */ = {isa = PBXFileReference; fileEncoding = 4; lastKnownFileType = sourcecode.swift; name = LocationImages.swift; path = Zmanim/LocationImages.swift; sourceTree = "<group>"; };
		5B6305AD2028C0160017094C /* ZmanimDataStore.swift */ = {isa = PBXFileReference; fileEncoding = 4; lastKnownFileType = sourcecode.swift; name = ZmanimDataStore.swift; path = Zmanim/ZmanimDataStore.swift; sourceTree = "<group>"; };
		5B6305D7202D23810017094C /* LocationViewModel.swift */ = {isa = PBXFileReference; lastKnownFileType = sourcecode.swift; name = LocationViewModel.swift; path = "View Controllers/LocationViewModel.swift"; sourceTree = "<group>"; };
		5B6305E6203007050017094C /* UserDataStore.swift */ = {isa = PBXFileReference; lastKnownFileType = sourcecode.swift; path = UserDataStore.swift; sourceTree = "<group>"; };
		5B86C40C1D454E0200E4CDA6 /* Morg Beis.jpg */ = {isa = PBXFileReference; lastKnownFileType = image.jpeg; path = "Morg Beis.jpg"; sourceTree = "<group>"; };
		5B95EA081C2AE8D000647230 /* HomeViewController.swift */ = {isa = PBXFileReference; fileEncoding = 4; lastKnownFileType = sourcecode.swift; name = HomeViewController.swift; path = "View Controllers/HomeViewController.swift"; sourceTree = "<group>"; };
		5B9A177C1D2EB5B300588091 /* HomeViewModel.swift */ = {isa = PBXFileReference; fileEncoding = 4; lastKnownFileType = sourcecode.swift; name = HomeViewModel.swift; path = "View Models/HomeViewModel.swift"; sourceTree = "<group>"; };
		5B9BAC911D32BC1600E445CA /* AnimatedController.swift */ = {isa = PBXFileReference; fileEncoding = 4; lastKnownFileType = sourcecode.swift; path = AnimatedController.swift; sourceTree = "<group>"; };
		5BBAFC331D35993100A70878 /* ZmanCell.swift */ = {isa = PBXFileReference; fileEncoding = 4; lastKnownFileType = sourcecode.swift; name = ZmanCell.swift; path = Cells/ZmanCell.swift; sourceTree = "<group>"; };
		5BCC11DB1D6A0474005B6379 /* SectionHeaderView.swift */ = {isa = PBXFileReference; fileEncoding = 4; lastKnownFileType = sourcecode.swift; name = SectionHeaderView.swift; path = Views/SectionHeaderView.swift; sourceTree = "<group>"; };
		5BCC11E31D6CF5B8005B6379 /* Fischel Beis.jpg */ = {isa = PBXFileReference; lastKnownFileType = image.jpeg; path = "Fischel Beis.jpg"; sourceTree = "<group>"; };
		5BCC11E51D6CF5C4005B6379 /* Glueck Beis.jpg */ = {isa = PBXFileReference; lastKnownFileType = image.jpeg; path = "Glueck Beis.jpg"; sourceTree = "<group>"; };
		5BCC11E71D6CF5EB005B6379 /* Sefardi Beit Midrash.jpg */ = {isa = PBXFileReference; lastKnownFileType = image.jpeg; path = "Sefardi Beit Midrash.jpg"; sourceTree = "<group>"; };
		5BCC11E91D6CF600005B6379 /* Zysman 101.jpg */ = {isa = PBXFileReference; lastKnownFileType = image.jpeg; path = "Zysman 101.jpg"; sourceTree = "<group>"; };
		5BCC11EB1D6CF636005B6379 /* Glueck 303.jpg */ = {isa = PBXFileReference; lastKnownFileType = image.jpeg; path = "Glueck 303.jpg"; sourceTree = "<group>"; };
		5BCC11ED1D6CF644005B6379 /* Glueck 2 Lobby.jpg */ = {isa = PBXFileReference; lastKnownFileType = image.jpeg; path = "Glueck 2 Lobby.jpg"; sourceTree = "<group>"; };
		5BCC11EF1D6CF667005B6379 /* Morg Lounge.jpg */ = {isa = PBXFileReference; lastKnownFileType = image.jpeg; path = "Morg Lounge.jpg"; sourceTree = "<group>"; };
		5BCC11F11D6D0152005B6379 /* Muss Beis.jpg */ = {isa = PBXFileReference; lastKnownFileType = image.jpeg; path = "Muss Beis.jpg"; sourceTree = "<group>"; };
		5BFCC64F1D5CC6AC00ACC3E3 /* URL.swift */ = {isa = PBXFileReference; fileEncoding = 4; lastKnownFileType = sourcecode.swift; name = URL.swift; path = Extensions/URL.swift; sourceTree = "<group>"; };
		5BFCE956203128C900A943FD /* CalendarCollectionView.swift */ = {isa = PBXFileReference; lastKnownFileType = sourcecode.swift; name = CalendarCollectionView.swift; path = Views/CalendarCollectionView.swift; sourceTree = "<group>"; };
		5BFCE95820312A1600A943FD /* CalendarCell.swift */ = {isa = PBXFileReference; lastKnownFileType = sourcecode.swift; name = CalendarCell.swift; path = Cells/CalendarCell.swift; sourceTree = "<group>"; };
		80D5EBF3D9E0E871718BB81C /* Pods-Zmanim.debug.xcconfig */ = {isa = PBXFileReference; includeInIndex = 1; lastKnownFileType = text.xcconfig; name = "Pods-Zmanim.debug.xcconfig"; path = "Pods/Target Support Files/Pods-Zmanim/Pods-Zmanim.debug.xcconfig"; sourceTree = "<group>"; };
		83B2977DC707CB35779507F0 /* Pods_Zmanim.framework */ = {isa = PBXFileReference; explicitFileType = wrapper.framework; includeInIndex = 0; path = Pods_Zmanim.framework; sourceTree = BUILT_PRODUCTS_DIR; };
/* End PBXFileReference section */

/* Begin PBXFrameworksBuildPhase section */
		5B3C0EB11BFCDC56005FB04C /* Frameworks */ = {
			isa = PBXFrameworksBuildPhase;
			buildActionMask = 2147483647;
			files = (
				5B4455C51D257FB100B19A6E /* CoreLocation.framework in Frameworks */,
				5B4455BE1D257FA800B19A6E /* MapKit.framework in Frameworks */,
				01F39659D57996B4873F11D3 /* Pods_Zmanim.framework in Frameworks */,
			);
			runOnlyForDeploymentPostprocessing = 0;
		};
/* End PBXFrameworksBuildPhase section */

/* Begin PBXGroup section */
		5B2BAEF71C30A9BF00669AB9 /* Locations */ = {
			isa = PBXGroup;
			children = (
				5B2BAEF81C30A9BF00669AB9 /* Annex.jpg */,
				5BCC11E31D6CF5B8005B6379 /* Fischel Beis.jpg */,
				5BCC11ED1D6CF644005B6379 /* Glueck 2 Lobby.jpg */,
				5BCC11EB1D6CF636005B6379 /* Glueck 303.jpg */,
				5BCC11E51D6CF5C4005B6379 /* Glueck Beis.jpg */,
				5BCC11F11D6D0152005B6379 /* Muss Beis.jpg */,
				5B86C40C1D454E0200E4CDA6 /* Morg Beis.jpg */,
				5BCC11EF1D6CF667005B6379 /* Morg Lounge.jpg */,
				5B2BAEFC1C30A9BF00669AB9 /* Rubin Shul.jpg */,
				5BCC11E71D6CF5EB005B6379 /* Sefardi Beit Midrash.jpg */,
				5B2BAEFE1C30A9BF00669AB9 /* Sky Caf.jpg */,
				5BCC11E91D6CF600005B6379 /* Zysman 101.jpg */,
			);
			path = Locations;
			sourceTree = "<group>";
		};
		5B3B6EF91E2C17710042F61B /* Extensions */ = {
			isa = PBXGroup;
			children = (
				5BFCC64F1D5CC6AC00ACC3E3 /* URL.swift */,
				5B3B6EFA1E2C607D0042F61B /* Date.swift */,
			);
			name = Extensions;
			sourceTree = "<group>";
		};
		5B3C0EAB1BFCDC56005FB04C = {
			isa = PBXGroup;
			children = (
				5B3C0EB71BFCDC56005FB04C /* AppDelegate.swift */,
				5B6305A02028BF620017094C /* Zman.swift */,
				5B6305A22028BF9C0017094C /* Location.swift */,
				5B6305A92028C0160017094C /* LocalZman.swift */,
				5B6305A62028BFC20017094C /* Shabbos.swift */,
				5B6305AB2028C0160017094C /* Tefillah.swift */,
				5B6305AC2028C0160017094C /* LocationImages.swift */,
				5B6305AA2028C0160017094C /* ZmanimAPIClient.swift */,
				5B6305AD2028C0160017094C /* ZmanimDataStore.swift */,
				5B6305E6203007050017094C /* UserDataStore.swift */,
				5B3C0EB61BFCDC56005FB04C /* Zmanim */,
				5B6FE7191CBE93A6002A09CA /* Frameworks */,
				5B3C0EB51BFCDC56005FB04C /* Products */,
				C6C898CE79A2DAAC272E6E88 /* Pods */,
			);
			sourceTree = "<group>";
		};
		5B3C0EB51BFCDC56005FB04C /* Products */ = {
			isa = PBXGroup;
			children = (
				5B3C0EB41BFCDC56005FB04C /* Zmanim.app */,
			);
			name = Products;
			sourceTree = "<group>";
		};
		5B3C0EB61BFCDC56005FB04C /* Zmanim */ = {
			isa = PBXGroup;
			children = (
				5BFCC60C1D5BB89000ACC3E3 /* View Controllers */,
				5BFCC60E1D5BB8C000ACC3E3 /* Cells */,
				5BFCC60F1D5BB8D000ACC3E3 /* Views */,
				5B3B6EF91E2C17710042F61B /* Extensions */,
				5BFCC6101D5BB8E800ACC3E3 /* More */,
			);
			path = Zmanim;
			sourceTree = "<group>";
		};
		5B3C0EC91BFCDCFD005FB04C /* Images */ = {
			isa = PBXGroup;
			children = (
				5B2BAEF71C30A9BF00669AB9 /* Locations */,
				5B61452C1C029FF1007530F7 /* YU.jpg */,
			);
			name = Images;
			sourceTree = "<group>";
		};
		5B6FE7191CBE93A6002A09CA /* Frameworks */ = {
			isa = PBXGroup;
			children = (
				5B4455C41D257FB100B19A6E /* CoreLocation.framework */,
				5B4455BD1D257FA800B19A6E /* MapKit.framework */,
				83B2977DC707CB35779507F0 /* Pods_Zmanim.framework */,
			);
			name = Frameworks;
			sourceTree = "<group>";
		};
		5BFCC60C1D5BB89000ACC3E3 /* View Controllers */ = {
			isa = PBXGroup;
			children = (
				5B95EA081C2AE8D000647230 /* HomeViewController.swift */,
				5B9A177C1D2EB5B300588091 /* HomeViewModel.swift */,
				5B3C0ECC1BFCE51E005FB04C /* ZmanimViewController.swift */,
				5B419F571D19DD3E0018F1C7 /* ZmanimViewModel.swift */,
				5B61452E1C02A07A007530F7 /* LocationViewController.swift */,
				5B6305D7202D23810017094C /* LocationViewModel.swift */,
				5B47564D1C9B393B00927935 /* LocalZmanimViewController.swift */,
				5B58893F1D21B9070060022C /* LocalZmanimViewModel.swift */,
				5B4AF58B1CB1EDE0001F0CB6 /* AboutViewController.swift */,
				5B3A86A51D24254500860C8D /* LocationsViewController.swift */,
			);
			name = "View Controllers";
			sourceTree = "<group>";
		};
		5BFCC60E1D5BB8C000ACC3E3 /* Cells */ = {
			isa = PBXGroup;
			children = (
				5BBAFC331D35993100A70878 /* ZmanCell.swift */,
				5B5E52411D301F5D002C1D2A /* DescriptionCell.swift */,
				5BFCE95820312A1600A943FD /* CalendarCell.swift */,
			);
			name = Cells;
			sourceTree = "<group>";
		};
		5BFCC60F1D5BB8D000ACC3E3 /* Views */ = {
			isa = PBXGroup;
			children = (
				5BCC11DB1D6A0474005B6379 /* SectionHeaderView.swift */,
				5BFCE956203128C900A943FD /* CalendarCollectionView.swift */,
			);
			name = Views;
			sourceTree = "<group>";
		};
		5BFCC6101D5BB8E800ACC3E3 /* More */ = {
			isa = PBXGroup;
			children = (
				5B9BAC911D32BC1600E445CA /* AnimatedController.swift */,
				5B3C0EBB1BFCDC56005FB04C /* Main.storyboard */,
				5B3C0EC01BFCDC56005FB04C /* LaunchScreen.storyboard */,
				5B3C0EC31BFCDC56005FB04C /* Info.plist */,
				5B3C0EBE1BFCDC56005FB04C /* Assets.xcassets */,
				5B3C0EC91BFCDCFD005FB04C /* Images */,
			);
			name = More;
			sourceTree = "<group>";
		};
		C6C898CE79A2DAAC272E6E88 /* Pods */ = {
			isa = PBXGroup;
			children = (
				80D5EBF3D9E0E871718BB81C /* Pods-Zmanim.debug.xcconfig */,
				45FC4889FEA4AD296E3F3DF0 /* Pods-Zmanim.release.xcconfig */,
			);
			name = Pods;
			sourceTree = "<group>";
		};
/* End PBXGroup section */

/* Begin PBXNativeTarget section */
		5B3C0EB31BFCDC56005FB04C /* Zmanim */ = {
			isa = PBXNativeTarget;
			buildConfigurationList = 5B3C0EC61BFCDC56005FB04C /* Build configuration list for PBXNativeTarget "Zmanim" */;
			buildPhases = (
				3D2997CA1FF759CAEBD7F8EF /* [CP] Check Pods Manifest.lock */,
				5B3C0EB01BFCDC56005FB04C /* Sources */,
				5B3C0EB11BFCDC56005FB04C /* Frameworks */,
				5B3C0EB21BFCDC56005FB04C /* Resources */,
				5BC272C71C347021002B0654 /* Embed Watch Content */,
				5B050D4F1CAB6F560062A60E /* Embed App Extensions */,
				30BE970FC0648A47D84A83CC /* [CP] Embed Pods Frameworks */,
				E6A420ED1AE2E6139550DAD4 /* [CP] Copy Pods Resources */,
			);
			buildRules = (
			);
			dependencies = (
			);
			name = Zmanim;
			productName = Zmanim;
			productReference = 5B3C0EB41BFCDC56005FB04C /* Zmanim.app */;
			productType = "com.apple.product-type.application";
		};
/* End PBXNativeTarget section */

/* Begin PBXProject section */
		5B3C0EAC1BFCDC56005FB04C /* Project object */ = {
			isa = PBXProject;
			attributes = {
				LastSwiftUpdateCheck = 0730;
				LastUpgradeCheck = 0820;
				ORGANIZATIONNAME = "Natanel Niazoff";
				TargetAttributes = {
					5B3C0EB31BFCDC56005FB04C = {
						CreatedOnToolsVersion = 7.1;
						DevelopmentTeam = LWC7S9F6VV;
						LastSwiftMigration = 0820;
						ProvisioningStyle = Automatic;
					};
				};
			};
			buildConfigurationList = 5B3C0EAF1BFCDC56005FB04C /* Build configuration list for PBXProject "Zmanim" */;
			compatibilityVersion = "Xcode 3.2";
			developmentRegion = English;
			hasScannedForEncodings = 0;
			knownRegions = (
				en,
				Base,
			);
			mainGroup = 5B3C0EAB1BFCDC56005FB04C;
			productRefGroup = 5B3C0EB51BFCDC56005FB04C /* Products */;
			projectDirPath = "";
			projectRoot = "";
			targets = (
				5B3C0EB31BFCDC56005FB04C /* Zmanim */,
			);
		};
/* End PBXProject section */

/* Begin PBXResourcesBuildPhase section */
		5B3C0EB21BFCDC56005FB04C /* Resources */ = {
			isa = PBXResourcesBuildPhase;
			buildActionMask = 2147483647;
			files = (
				5BCC11E61D6CF5C4005B6379 /* Glueck Beis.jpg in Resources */,
				5BCC11E41D6CF5B8005B6379 /* Fischel Beis.jpg in Resources */,
				5B2BAF041C30A9BF00669AB9 /* Rubin Shul.jpg in Resources */,
				5B86C40D1D454E0200E4CDA6 /* Morg Beis.jpg in Resources */,
				5B2BAF061C30A9BF00669AB9 /* Sky Caf.jpg in Resources */,
				5BCC11EC1D6CF636005B6379 /* Glueck 303.jpg in Resources */,
				5B3C0EC21BFCDC56005FB04C /* LaunchScreen.storyboard in Resources */,
				5BCC11EA1D6CF600005B6379 /* Zysman 101.jpg in Resources */,
				5BCC11EE1D6CF644005B6379 /* Glueck 2 Lobby.jpg in Resources */,
				5B3C0EBF1BFCDC56005FB04C /* Assets.xcassets in Resources */,
				5B3C0EBD1BFCDC56005FB04C /* Main.storyboard in Resources */,
				5B61452D1C029FF1007530F7 /* YU.jpg in Resources */,
				5BCC11F01D6CF667005B6379 /* Morg Lounge.jpg in Resources */,
				5BCC11E81D6CF5EB005B6379 /* Sefardi Beit Midrash.jpg in Resources */,
				5B2BAF001C30A9BF00669AB9 /* Annex.jpg in Resources */,
				5BCC11F21D6D0152005B6379 /* Muss Beis.jpg in Resources */,
			);
			runOnlyForDeploymentPostprocessing = 0;
		};
/* End PBXResourcesBuildPhase section */

/* Begin PBXShellScriptBuildPhase section */
		30BE970FC0648A47D84A83CC /* [CP] Embed Pods Frameworks */ = {
			isa = PBXShellScriptBuildPhase;
			buildActionMask = 2147483647;
			files = (
			);
			inputPaths = (
				"${SRCROOT}/Pods/Target Support Files/Pods-Zmanim/Pods-Zmanim-frameworks.sh",
				"${BUILT_PRODUCTS_DIR}/Alamofire/Alamofire.framework",
			);
			name = "[CP] Embed Pods Frameworks";
			outputPaths = (
				"${TARGET_BUILD_DIR}/${FRAMEWORKS_FOLDER_PATH}/Alamofire.framework",
			);
			runOnlyForDeploymentPostprocessing = 0;
			shellPath = /bin/sh;
			shellScript = "\"${SRCROOT}/Pods/Target Support Files/Pods-Zmanim/Pods-Zmanim-frameworks.sh\"\n";
			showEnvVarsInLog = 0;
		};
		3D2997CA1FF759CAEBD7F8EF /* [CP] Check Pods Manifest.lock */ = {
			isa = PBXShellScriptBuildPhase;
			buildActionMask = 2147483647;
			files = (
			);
			inputPaths = (
				"${PODS_PODFILE_DIR_PATH}/Podfile.lock",
				"${PODS_ROOT}/Manifest.lock",
			);
			name = "[CP] Check Pods Manifest.lock";
			outputPaths = (
				"$(DERIVED_FILE_DIR)/Pods-Zmanim-checkManifestLockResult.txt",
			);
			runOnlyForDeploymentPostprocessing = 0;
			shellPath = /bin/sh;
			shellScript = "diff \"${PODS_PODFILE_DIR_PATH}/Podfile.lock\" \"${PODS_ROOT}/Manifest.lock\" > /dev/null\nif [ $? != 0 ] ; then\n    # print error to STDERR\n    echo \"error: The sandbox is not in sync with the Podfile.lock. Run 'pod install' or update your CocoaPods installation.\" >&2\n    exit 1\nfi\n# This output is used by Xcode 'outputs' to avoid re-running this script phase.\necho \"SUCCESS\" > \"${SCRIPT_OUTPUT_FILE_0}\"\n";
			showEnvVarsInLog = 0;
		};
		E6A420ED1AE2E6139550DAD4 /* [CP] Copy Pods Resources */ = {
			isa = PBXShellScriptBuildPhase;
			buildActionMask = 2147483647;
			files = (
			);
			inputPaths = (
			);
			name = "[CP] Copy Pods Resources";
			outputPaths = (
			);
			runOnlyForDeploymentPostprocessing = 0;
			shellPath = /bin/sh;
			shellScript = "\"${SRCROOT}/Pods/Target Support Files/Pods-Zmanim/Pods-Zmanim-resources.sh\"\n";
			showEnvVarsInLog = 0;
		};
/* End PBXShellScriptBuildPhase section */

/* Begin PBXSourcesBuildPhase section */
		5B3C0EB01BFCDC56005FB04C /* Sources */ = {
			isa = PBXSourcesBuildPhase;
			buildActionMask = 2147483647;
			files = (
				5B6305A32028BF9C0017094C /* Location.swift in Sources */,
				5B61452F1C02A07A007530F7 /* LocationViewController.swift in Sources */,
				5B6305B32028C0170017094C /* LocationImages.swift in Sources */,
				5B9BAC921D32BC1600E445CA /* AnimatedController.swift in Sources */,
				5B9A177D1D2EB5B300588091 /* HomeViewModel.swift in Sources */,
				5B6305B12028C0170017094C /* ZmanimAPIClient.swift in Sources */,
				5B6305D8202D23810017094C /* LocationViewModel.swift in Sources */,
				5B3B6EFB1E2C607D0042F61B /* Date.swift in Sources */,
				5B5889401D21B9070060022C /* LocalZmanimViewModel.swift in Sources */,
				5B3C0EB81BFCDC56005FB04C /* AppDelegate.swift in Sources */,
				5BBAFC341D35993100A70878 /* ZmanCell.swift in Sources */,
				5B3C0ECD1BFCE51E005FB04C /* ZmanimViewController.swift in Sources */,
				5B6305E7203007050017094C /* UserDataStore.swift in Sources */,
				5B6305B42028C0170017094C /* ZmanimDataStore.swift in Sources */,
				5B5E52421D301F5D002C1D2A /* DescriptionCell.swift in Sources */,
				5BFCE95920312A1600A943FD /* CalendarCell.swift in Sources */,
				5B6305A72028BFC20017094C /* Shabbos.swift in Sources */,
				5B3A86A61D24254500860C8D /* LocationsViewController.swift in Sources */,
				5B6305B22028C0170017094C /* Tefillah.swift in Sources */,
				5B47564E1C9B393B00927935 /* LocalZmanimViewController.swift in Sources */,
				5B95EA091C2AE8D000647230 /* HomeViewController.swift in Sources */,
				5BCC11DC1D6A0474005B6379 /* SectionHeaderView.swift in Sources */,
				5B6305A12028BF620017094C /* Zman.swift in Sources */,
				5BFCE957203128C900A943FD /* CalendarCollectionView.swift in Sources */,
				5BFCC6501D5CC6AC00ACC3E3 /* URL.swift in Sources */,
				5B6305B02028C0170017094C /* LocalZman.swift in Sources */,
				5B419F581D19DD3E0018F1C7 /* ZmanimViewModel.swift in Sources */,
				5B4AF58C1CB1EDE0001F0CB6 /* AboutViewController.swift in Sources */,
			);
			runOnlyForDeploymentPostprocessing = 0;
		};
/* End PBXSourcesBuildPhase section */

/* Begin PBXVariantGroup section */
		5B3C0EBB1BFCDC56005FB04C /* Main.storyboard */ = {
			isa = PBXVariantGroup;
			children = (
				5B3C0EBC1BFCDC56005FB04C /* Base */,
			);
			name = Main.storyboard;
			sourceTree = "<group>";
		};
		5B3C0EC01BFCDC56005FB04C /* LaunchScreen.storyboard */ = {
			isa = PBXVariantGroup;
			children = (
				5B3C0EC11BFCDC56005FB04C /* Base */,
			);
			name = LaunchScreen.storyboard;
			sourceTree = "<group>";
		};
/* End PBXVariantGroup section */

/* Begin XCBuildConfiguration section */
		5B3C0EC41BFCDC56005FB04C /* Debug */ = {
			isa = XCBuildConfiguration;
			buildSettings = {
				ALWAYS_SEARCH_USER_PATHS = NO;
				CLANG_CXX_LANGUAGE_STANDARD = "gnu++0x";
				CLANG_CXX_LIBRARY = "libc++";
				CLANG_ENABLE_MODULES = YES;
				CLANG_ENABLE_OBJC_ARC = YES;
				CLANG_WARN_BOOL_CONVERSION = YES;
				CLANG_WARN_CONSTANT_CONVERSION = YES;
				CLANG_WARN_DIRECT_OBJC_ISA_USAGE = YES_ERROR;
				CLANG_WARN_EMPTY_BODY = YES;
				CLANG_WARN_ENUM_CONVERSION = YES;
				CLANG_WARN_INFINITE_RECURSION = YES;
				CLANG_WARN_INT_CONVERSION = YES;
				CLANG_WARN_OBJC_ROOT_CLASS = YES_ERROR;
				CLANG_WARN_SUSPICIOUS_MOVE = YES;
				CLANG_WARN_UNREACHABLE_CODE = YES;
				CLANG_WARN__DUPLICATE_METHOD_MATCH = YES;
				CODE_SIGN_IDENTITY = "iPhone Distribution";
				"CODE_SIGN_IDENTITY[sdk=iphoneos*]" = "iPhone Distribution";
				COPY_PHASE_STRIP = NO;
				DEBUG_INFORMATION_FORMAT = dwarf;
				ENABLE_STRICT_OBJC_MSGSEND = YES;
				ENABLE_TESTABILITY = YES;
				GCC_C_LANGUAGE_STANDARD = gnu99;
				GCC_DYNAMIC_NO_PIC = NO;
				GCC_NO_COMMON_BLOCKS = YES;
				GCC_OPTIMIZATION_LEVEL = 0;
				GCC_PREPROCESSOR_DEFINITIONS = (
					"DEBUG=1",
					"$(inherited)",
				);
				GCC_WARN_64_TO_32_BIT_CONVERSION = YES;
				GCC_WARN_ABOUT_RETURN_TYPE = YES_ERROR;
				GCC_WARN_UNDECLARED_SELECTOR = YES;
				GCC_WARN_UNINITIALIZED_AUTOS = YES_AGGRESSIVE;
				GCC_WARN_UNUSED_FUNCTION = YES;
				GCC_WARN_UNUSED_VARIABLE = YES;
				IPHONEOS_DEPLOYMENT_TARGET = 9.1;
				MTL_ENABLE_DEBUG_INFO = YES;
				ONLY_ACTIVE_ARCH = YES;
				SDKROOT = iphoneos;
				SWIFT_OPTIMIZATION_LEVEL = "-Onone";
				SWIFT_VERSION = 2.3;
				TARGETED_DEVICE_FAMILY = "1,2";
			};
			name = Debug;
		};
		5B3C0EC51BFCDC56005FB04C /* Release */ = {
			isa = XCBuildConfiguration;
			buildSettings = {
				ALWAYS_SEARCH_USER_PATHS = NO;
				CLANG_CXX_LANGUAGE_STANDARD = "gnu++0x";
				CLANG_CXX_LIBRARY = "libc++";
				CLANG_ENABLE_MODULES = YES;
				CLANG_ENABLE_OBJC_ARC = YES;
				CLANG_WARN_BOOL_CONVERSION = YES;
				CLANG_WARN_CONSTANT_CONVERSION = YES;
				CLANG_WARN_DIRECT_OBJC_ISA_USAGE = YES_ERROR;
				CLANG_WARN_EMPTY_BODY = YES;
				CLANG_WARN_ENUM_CONVERSION = YES;
				CLANG_WARN_INFINITE_RECURSION = YES;
				CLANG_WARN_INT_CONVERSION = YES;
				CLANG_WARN_OBJC_ROOT_CLASS = YES_ERROR;
				CLANG_WARN_SUSPICIOUS_MOVE = YES;
				CLANG_WARN_UNREACHABLE_CODE = YES;
				CLANG_WARN__DUPLICATE_METHOD_MATCH = YES;
				CODE_SIGN_IDENTITY = "iPhone Distribution";
				"CODE_SIGN_IDENTITY[sdk=iphoneos*]" = "iPhone Distribution";
				COPY_PHASE_STRIP = NO;
				DEBUG_INFORMATION_FORMAT = "dwarf-with-dsym";
				ENABLE_NS_ASSERTIONS = NO;
				ENABLE_STRICT_OBJC_MSGSEND = YES;
				GCC_C_LANGUAGE_STANDARD = gnu99;
				GCC_NO_COMMON_BLOCKS = YES;
				GCC_WARN_64_TO_32_BIT_CONVERSION = YES;
				GCC_WARN_ABOUT_RETURN_TYPE = YES_ERROR;
				GCC_WARN_UNDECLARED_SELECTOR = YES;
				GCC_WARN_UNINITIALIZED_AUTOS = YES_AGGRESSIVE;
				GCC_WARN_UNUSED_FUNCTION = YES;
				GCC_WARN_UNUSED_VARIABLE = YES;
				IPHONEOS_DEPLOYMENT_TARGET = 9.1;
				MTL_ENABLE_DEBUG_INFO = NO;
				SDKROOT = iphoneos;
				SWIFT_OPTIMIZATION_LEVEL = "-Owholemodule";
				SWIFT_VERSION = 2.3;
				TARGETED_DEVICE_FAMILY = "1,2";
				VALIDATE_PRODUCT = YES;
			};
			name = Release;
		};
		5B3C0EC71BFCDC56005FB04C /* Debug */ = {
			isa = XCBuildConfiguration;
			baseConfigurationReference = 80D5EBF3D9E0E871718BB81C /* Pods-Zmanim.debug.xcconfig */;
			buildSettings = {
				ALWAYS_EMBED_SWIFT_STANDARD_LIBRARIES = YES;
				ASSETCATALOG_COMPILER_APPICON_NAME = AppIcon;
				CODE_SIGN_IDENTITY = "iPhone Developer";
				"CODE_SIGN_IDENTITY[sdk=iphoneos*]" = "iPhone Developer";
				DEVELOPMENT_TEAM = LWC7S9F6VV;
				INFOPLIST_FILE = Zmanim/Info.plist;
				IPHONEOS_DEPLOYMENT_TARGET = 11.0;
				LD_RUNPATH_SEARCH_PATHS = "$(inherited) @executable_path/Frameworks";
				ONLY_ACTIVE_ARCH = YES;
				OTHER_LDFLAGS = (
					"-ObjC",
					"$(inherited)",
				);
				PRODUCT_BUNDLE_IDENTIFIER = zmanim;
				PRODUCT_NAME = "$(TARGET_NAME)";
				PROVISIONING_PROFILE = "";
				PROVISIONING_PROFILE_SPECIFIER = "";
				SWIFT_VERSION = 3.0;
				TARGETED_DEVICE_FAMILY = 1;
			};
			name = Debug;
		};
		5B3C0EC81BFCDC56005FB04C /* Release */ = {
			isa = XCBuildConfiguration;
			baseConfigurationReference = 45FC4889FEA4AD296E3F3DF0 /* Pods-Zmanim.release.xcconfig */;
			buildSettings = {
				ALWAYS_EMBED_SWIFT_STANDARD_LIBRARIES = YES;
				ASSETCATALOG_COMPILER_APPICON_NAME = AppIcon;
				CODE_SIGN_IDENTITY = "iPhone Developer";
				"CODE_SIGN_IDENTITY[sdk=iphoneos*]" = "iPhone Developer";
				DEVELOPMENT_TEAM = LWC7S9F6VV;
				INFOPLIST_FILE = Zmanim/Info.plist;
				IPHONEOS_DEPLOYMENT_TARGET = 11.0;
				LD_RUNPATH_SEARCH_PATHS = "$(inherited) @executable_path/Frameworks";
				ONLY_ACTIVE_ARCH = YES;
				OTHER_LDFLAGS = (
					"-ObjC",
					"$(inherited)",
				);
				PRODUCT_BUNDLE_IDENTIFIER = zmanim;
				PRODUCT_NAME = "$(TARGET_NAME)";
				PROVISIONING_PROFILE = "";
				PROVISIONING_PROFILE_SPECIFIER = "";
				SWIFT_VERSION = 3.0;
				TARGETED_DEVICE_FAMILY = 1;
			};
			name = Release;
		};
/* End XCBuildConfiguration section */

/* Begin XCConfigurationList section */
		5B3C0EAF1BFCDC56005FB04C /* Build configuration list for PBXProject "Zmanim" */ = {
			isa = XCConfigurationList;
			buildConfigurations = (
				5B3C0EC41BFCDC56005FB04C /* Debug */,
				5B3C0EC51BFCDC56005FB04C /* Release */,
			);
			defaultConfigurationIsVisible = 0;
			defaultConfigurationName = Release;
		};
		5B3C0EC61BFCDC56005FB04C /* Build configuration list for PBXNativeTarget "Zmanim" */ = {
			isa = XCConfigurationList;
			buildConfigurations = (
				5B3C0EC71BFCDC56005FB04C /* Debug */,
				5B3C0EC81BFCDC56005FB04C /* Release */,
			);
			defaultConfigurationIsVisible = 0;
			defaultConfigurationName = Release;
		};
/* End XCConfigurationList section */
	};
	rootObject = 5B3C0EAC1BFCDC56005FB04C /* Project object */;
}
